{
    "name": "apps-frontend",
    "version": "0.0.1",
    "lockfileVersion": 3,
    "requires": true,
    "packages": {
        "": {
            "name": "apps-frontend",
            "version": "0.0.1",
            "dependencies": {
                "@astrojs/react": "^4.4.2",
                "@types/react": "^19.2.14",
                "@types/react-dom": "^19.2.3",
                "astro": "^5.17.1",
                "clsx": "^2.1.1",
                "embla-carousel-react": "^8.6.0",
                "react": "^19.2.4",
                "react-dom": "^19.2.4"
            },
            "devDependencies": {
                "postcss": "^8.5.8",
                "postcss-import": "^16.1.1",
                "postcss-mixins": "^12.1.2"
            }
        },
        "../../node_modules/.pnpm/@astrojs+react@4.4.2_@types_5eef8f04212c5a1728abfe87be863e03/node_modules/@astrojs/react": {
            "version": "4.4.2",
            "license": "MIT",
            "dependencies": {
                "@vitejs/plugin-react": "^4.7.0",
                "ultrahtml": "^1.6.0",
                "vite": "^6.4.1"
            },
            "devDependencies": {
                "@types/react": "^18.3.24",
                "@types/react-dom": "^18.3.7",
                "astro": "5.15.4",
                "astro-scripts": "0.0.14",
                "cheerio": "1.1.2",
                "react": "^18.3.1",
                "react-dom": "^18.3.1"
            },
            "engines": {
                "node": "18.20.8 || ^20.3.0 || >=22.0.0"
            },
            "peerDependencies": {
                "@types/react": "^17.0.50 || ^18.0.21 || ^19.0.0",
                "@types/react-dom": "^17.0.17 || ^18.0.6 || ^19.0.0",
                "react": "^17.0.2 || ^18.0.0 || ^19.0.0",
                "react-dom": "^17.0.2 || ^18.0.0 || ^19.0.0"
            }
        },
        "../../node_modules/.pnpm/@types+react-dom@19.2.3_@types+react@19.2.14/node_modules/@types/react-dom": {
            "version": "19.2.3",
            "license": "MIT",
            "peerDependencies": {
                "@types/react": "^19.2.0"
            }
        },
        "../../node_modules/.pnpm/@types+react@19.2.14/node_modules/@types/react": {
            "version": "19.2.14",
            "license": "MIT",
            "dependencies": {
                "csstype": "^3.2.2"
            }
        },
        "../../node_modules/.pnpm/astro@5.18.0_@types+node@25_4a59c80eb2e4fd3e275e8d855ca15865/node_modules/astro": {
            "version": "5.18.0",
            "license": "MIT",
            "dependencies": {
                "@astrojs/compiler": "^2.13.0",
                "@astrojs/internal-helpers": "0.7.5",
                "@astrojs/markdown-remark": "6.3.10",
                "@astrojs/telemetry": "3.3.0",
                "@capsizecss/unpack": "^4.0.0",
                "@oslojs/encoding": "^1.1.0",
                "@rollup/pluginutils": "^5.3.0",
                "acorn": "^8.15.0",
                "aria-query": "^5.3.2",
                "axobject-query": "^4.1.0",
                "boxen": "8.0.1",
                "ci-info": "^4.3.1",
                "clsx": "^2.1.1",
                "common-ancestor-path": "^1.0.1",
                "cookie": "^1.1.1",
                "cssesc": "^3.0.0",
                "debug": "^4.4.3",
                "deterministic-object-hash": "^2.0.2",
                "devalue": "^5.6.2",
                "diff": "^8.0.3",
                "dlv": "^1.1.3",
                "dset": "^3.1.4",
                "es-module-lexer": "^1.7.0",
                "esbuild": "^0.27.3",
                "estree-walker": "^3.0.3",
                "flattie": "^1.1.1",
                "fontace": "~0.4.0",
                "github-slugger": "^2.0.0",
                "html-escaper": "3.0.3",
                "http-cache-semantics": "^4.2.0",
                "import-meta-resolve": "^4.2.0",
                "js-yaml": "^4.1.1",
                "magic-string": "^0.30.21",
                "magicast": "^0.5.1",
                "mrmime": "^2.0.1",
                "neotraverse": "^0.6.18",
                "p-limit": "^6.2.0",
                "p-queue": "^8.1.1",
                "package-manager-detector": "^1.6.0",
                "piccolore": "^0.1.3",
                "picomatch": "^4.0.3",
                "prompts": "^2.4.2",
                "rehype": "^13.0.2",
                "semver": "^7.7.3",
                "shiki": "^3.21.0",
                "smol-toml": "^1.6.0",
                "svgo": "^4.0.0",
                "tinyexec": "^1.0.2",
                "tinyglobby": "^0.2.15",
                "tsconfck": "^3.1.6",
                "ultrahtml": "^1.6.0",
                "unifont": "~0.7.3",
                "unist-util-visit": "^5.0.0",
                "unstorage": "^1.17.4",
                "vfile": "^6.0.3",
                "vite": "^6.4.1",
                "vitefu": "^1.1.1",
                "xxhash-wasm": "^1.1.0",
                "yargs-parser": "^21.1.1",
                "yocto-spinner": "^0.2.3",
                "zod": "^3.25.76",
                "zod-to-json-schema": "^3.25.1",
                "zod-to-ts": "^1.2.0"
            },
            "bin": {
                "astro": "astro.js"
            },
            "devDependencies": {
                "@astrojs/check": "0.9.6",
                "@playwright/test": "1.57.0",
                "@types/aria-query": "^5.0.4",
                "@types/common-ancestor-path": "^1.0.2",
                "@types/cssesc": "^3.0.2",
                "@types/debug": "^4.1.12",
                "@types/dlv": "^1.1.5",
                "@types/hast": "^3.0.4",
                "@types/html-escaper": "3.0.4",
                "@types/http-cache-semantics": "^4.0.4",
                "@types/js-yaml": "^4.0.9",
                "@types/picomatch": "^3.0.2",
                "@types/prompts": "^2.4.9",
                "@types/semver": "^7.7.1",
                "@types/yargs-parser": "^21.0.3",
                "astro-scripts": "0.0.14",
                "cheerio": "1.1.2",
                "eol": "^0.10.0",
                "expect-type": "^1.3.0",
                "fs-fixture": "^2.11.0",
                "mdast-util-mdx": "^3.0.0",
                "mdast-util-mdx-jsx": "^3.2.0",
                "node-mocks-http": "^1.17.2",
                "parse-srcset": "^1.0.2",
                "rehype-autolink-headings": "^7.1.0",
                "rehype-slug": "^6.0.0",
                "rehype-toc": "^3.0.2",
                "remark-code-titles": "^0.1.2",
                "rollup": "^4.55.1",
                "sass": "^1.97.2",
                "typescript": "^5.9.3",
                "undici": "^6.23.0",
                "unified": "^11.0.5",
                "vitest": "^3.2.4"
            },
            "engines": {
                "node": "18.20.8 || ^20.3.0 || >=22.0.0",
                "npm": ">=9.6.5",
                "pnpm": ">=7.1.0"
            },
            "funding": {
                "type": "opencollective",
                "url": "https://opencollective.com/astrodotbuild"
            },
            "optionalDependencies": {
                "sharp": "^0.34.0"
            }
        },
        "../../node_modules/.pnpm/clsx@2.1.1/node_modules/clsx": {
            "version": "2.1.1",
            "license": "MIT",
            "devDependencies": {
                "esm": "3.2.25",
                "terser": "4.8.0",
                "uvu": "0.5.4"
            },
            "engines": {
                "node": ">=6"
            }
        },
        "../../node_modules/.pnpm/postcss-import@16.1.1_postcss@8.5.8/node_modules/postcss-import": {
            "version": "16.1.1",
            "dev": true,
            "license": "MIT",
            "dependencies": {
                "postcss-value-parser": "^4.0.0",
                "read-cache": "^1.0.0",
                "resolve": "^1.1.7"
            },
            "devDependencies": {
                "ava": "^6.0.0",
                "c8": "^10.0.0",
                "eslint": "^9.28.0",
                "eslint-config-problems": "^9.0.0",
                "eslint-plugin-prettier": "^5.0.0",
                "globals": "^16.2.0",
                "postcss": "^8.0.0",
                "postcss-scss": "^4.0.0",
                "prettier": "~3.5.0",
                "sugarss": "^5.0.0"
            },
            "engines": {
                "node": ">=18.0.0"
            },
            "peerDependencies": {
                "postcss": "^8.0.0"
            }
        },
        "../../node_modules/.pnpm/postcss-mixins@12.1.2_postcss@8.5.8/node_modules/postcss-mixins": {
            "version": "12.1.2",
            "dev": true,
            "funding": [
                {
                    "type": "opencollective",
                    "url": "https://opencollective.com/postcss/"
                },
                {
                    "type": "github",
                    "url": "https://github.com/sponsors/ai"
                }
            ],
            "license": "MIT",
            "dependencies": {
                "postcss-js": "^4.0.1",
                "postcss-simple-vars": "^7.0.1",
                "sugarss": "^5.0.0",
                "tinyglobby": "^0.2.14"
            },
            "engines": {
                "node": "^20.0 || ^22.0 || >=24.0"
            },
            "peerDependencies": {
                "postcss": "^8.2.14"
            }
        },
        "../../node_modules/.pnpm/postcss@8.5.8/node_modules/postcss": {
            "version": "8.5.8",
            "dev": true,
            "funding": [
                {
                    "type": "opencollective",
                    "url": "https://opencollective.com/postcss/"
                },
                {
                    "type": "tidelift",
                    "url": "https://tidelift.com/funding/github/npm/postcss"
                },
                {
                    "type": "github",
                    "url": "https://github.com/sponsors/ai"
                }
            ],
            "license": "MIT",
            "dependencies": {
                "nanoid": "^3.3.11",
                "picocolors": "^1.1.1",
                "source-map-js": "^1.2.1"
            },
            "engines": {
                "node": "^10 || ^12 || >=14"
            }
        },
        "../../node_modules/.pnpm/react-dom@19.2.4_react@19.2.4/node_modules/react-dom": {
            "version": "19.2.4",
            "license": "MIT",
            "dependencies": {
                "scheduler": "^0.27.0"
            },
            "peerDependencies": {
                "react": "^19.2.4"
            }
        },
        "../../node_modules/.pnpm/react@19.2.4/node_modules/react": {
            "version": "19.2.4",
            "license": "MIT",
            "engines": {
                "node": ">=0.10.0"
            }
        },
        "node_modules/@astrojs/react": {
            "resolved": "../../node_modules/.pnpm/@astrojs+react@4.4.2_@types_5eef8f04212c5a1728abfe87be863e03/node_modules/@astrojs/react",
            "link": true
        },
        "node_modules/@types/react": {
            "resolved": "../../node_modules/.pnpm/@types+react@19.2.14/node_modules/@types/react",
            "link": true
        },
        "node_modules/@types/react-dom": {
            "resolved": "../../node_modules/.pnpm/@types+react-dom@19.2.3_@types+react@19.2.14/node_modules/@types/react-dom",
            "link": true
        },
        "node_modules/astro": {
            "resolved": "../../node_modules/.pnpm/astro@5.18.0_@types+node@25_4a59c80eb2e4fd3e275e8d855ca15865/node_modules/astro",
            "link": true
        },
        "node_modules/clsx": {
            "resolved": "../../node_modules/.pnpm/clsx@2.1.1/node_modules/clsx",
            "link": true
        },
        "node_modules/embla-carousel": {
            "version": "8.6.0",
            "resolved": "https://registry.npmjs.org/embla-carousel/-/embla-carousel-8.6.0.tgz",
            "integrity": "sha512-SjWyZBHJPbqxHOzckOfo8lHisEaJWmwd23XppYFYVh10bU66/Pn5tkVkbkCMZVdbUE5eTCI2nD8OyIP4Z+uwkA==",
            "license": "MIT"
        },
        "node_modules/embla-carousel-react": {
            "version": "8.6.0",
            "resolved": "https://registry.npmjs.org/embla-carousel-react/-/embla-carousel-react-8.6.0.tgz",
            "integrity": "sha512-0/PjqU7geVmo6F734pmPqpyHqiM99olvyecY7zdweCw+6tKEXnrE90pBiBbMMU8s5tICemzpQ3hi5EpxzGW+JA==",
            "license": "MIT",
            "dependencies": {
                "embla-carousel": "8.6.0",
                "embla-carousel-reactive-utils": "8.6.0"
            },
            "peerDependencies": {
                "react": "^16.8.0 || ^17.0.1 || ^18.0.0 || ^19.0.0 || ^19.0.0-rc"
            }
        },
        "node_modules/embla-carousel-reactive-utils": {
            "version": "8.6.0",
            "resolved": "https://registry.npmjs.org/embla-carousel-reactive-utils/-/embla-carousel-reactive-utils-8.6.0.tgz",
            "integrity": "sha512-fMVUDUEx0/uIEDM0Mz3dHznDhfX+znCCDCeIophYb1QGVM7YThSWX+wz11zlYwWFOr74b4QLGg0hrGPJeG2s4A==",
            "license": "MIT",
            "peerDependencies": {
                "embla-carousel": "8.6.0"
            }
        },
        "node_modules/postcss": {
            "resolved": "../../node_modules/.pnpm/postcss@8.5.8/node_modules/postcss",
            "link": true
        },
        "node_modules/postcss-import": {
            "resolved": "../../node_modules/.pnpm/postcss-import@16.1.1_postcss@8.5.8/node_modules/postcss-import",
            "link": true
        },
        "node_modules/postcss-mixins": {
            "resolved": "../../node_modules/.pnpm/postcss-mixins@12.1.2_postcss@8.5.8/node_modules/postcss-mixins",
            "link": true
        },
        "node_modules/react": {
            "resolved": "../../node_modules/.pnpm/react@19.2.4/node_modules/react",
            "link": true
        },
        "node_modules/react-dom": {
            "resolved": "../../node_modules/.pnpm/react-dom@19.2.4_react@19.2.4/node_modules/react-dom",
            "link": true
        }
    }
}
